{
  "originHash" : "c32a463f798749b59e8e95a2bbed10184cf28d3e63ff4b8ea2ec96e8c971f036",
  "pins" : [
    {
      "identity" : "alamofire",
      "kind" : "remoteSourceControl",
      "location" : "https://github.com/Alamofire/Alamofire.git",
      "state" : {
        "revision" : "e938f8c66708e7352fc7e3512647fa54255b267a",
        "version" : "5.11.2"
      }
    },
    {
      "identity" : "kingfisher",
      "kind" : "remoteSourceControl",
      "location" : "https://github.com/onevcat/Kingfisher.git",
      "state" : {
        "revision" : "2ef543ee21d63734e1c004ad6c870255e8716c50",
        "version" : "7.12.0"
      }
    },
    {
      "identity" : "swinject",
      "kind" : "remoteSourceControl",
      "location" : "https://github.com/Swinject/Swinject.git",
      "state" : {
        "revision" : "b685b549fe4d8ae265fc7a2f27d0789720425d69",
        "version" : "2.10.0"
      }
    },
    {
      "identity" : "swinjectstoryboard",
      "kind" : "remoteSourceControl",
      "location" : "https://github.com/Swinject/SwinjectStoryboard.git",
      "state" : {
        "revision" : "e4498ce2dfe37e1ca9d2d20af06fcc087507561c",
        "version" : "2.2.3"
      }
    }
  ],
  "version" : 3
}
