// !$*UTF8*$!
{
	archiveVersion = 1;
	classes = {
	};
	objectVersion = 46;
	objects = {

/* Begin PBXBuildFile section */
		450EAFD91D15933300BAFDD3 /* Main.storyboard in Resources */ = {isa = PBXBuildFile; fileRef = 450EAFD71D15933300BAFDD3 /* Main.storyboard */; };
		45773A371D00C088002E6F56 /* SettingsVC.swift in Sources */ = {isa = PBXBuildFile; fileRef = 45773A361D00C088002E6F56 /* SettingsVC.swift */; };
		7B21A5B01CFF5C17002E5EE5 /* AppDelegate.swift in Sources */ = {isa = PBXBuildFile; fileRef = 7B21A5AC1CFF5C17002E5EE5 /* AppDelegate.swift */; };
		7B21A5B41CFF5CAC002E5EE5 /* APIClient.swift in Sources */ = {isa = PBXBuildFile; fileRef = 7B21A5B31CFF5CAC002E5EE5 /* APIClient.swift */; };
		7B21A5B61CFF5DAE002E5EE5 /* HTTPClient.swift in Sources */ = {isa = PBXBuildFile; fileRef = 7B21A5B51CFF5DAE002E5EE5 /* HTTPClient.swift */; };
		7B21A5B81CFF5E7B002E5EE5 /* GameVC.swift in Sources */ = {isa = PBXBuildFile; fileRef = 7B21A5B71CFF5E7B002E5EE5 /* GameVC.swift */; };
		7B21A5BB1CFF6281002E5EE5 /* MemoryDataSourceAndDelegate.swift in Sources */ = {isa = PBXBuildFile; fileRef = 7B21A5BA1CFF6281002E5EE5 /* MemoryDataSourceAndDelegate.swift */; };
		7B21A5C01CFF636D002E5EE5 /* CardCVCell.xib in Resources */ = {isa = PBXBuildFile; fileRef = 7B21A5BF1CFF636D002E5EE5 /* CardCVCell.xib */; };
		7B21A5C21CFF639D002E5EE5 /* CardCVCell.swift in Sources */ = {isa = PBXBuildFile; fileRef = 7B21A5C11CFF639D002E5EE5 /* CardCVCell.swift */; };
		7B21A5C51CFF6586002E5EE5 /* NSObject_Extension.swift in Sources */ = {isa = PBXBuildFile; fileRef = 7B21A5C41CFF6586002E5EE5 /* NSObject_Extension.swift */; };
		7B21A5C71CFF67DA002E5EE5 /* CardModel.swift in Sources */ = {isa = PBXBuildFile; fileRef = 7B21A5C61CFF67DA002E5EE5 /* CardModel.swift */; };
		7B2F90AA1D00B9A400613325 /* ImagePrefetcher.swift in Sources */ = {isa = PBXBuildFile; fileRef = 7B2F90A91D00B9A400613325 /* ImagePrefetcher.swift */; };
		7B2F90AC1D00C88800613325 /* UIView_Extension.swift in Sources */ = {isa = PBXBuildFile; fileRef = 7B2F90AB1D00C88800613325 /* UIView_Extension.swift */; };
		7B5876491D157F3B00095036 /* Macros.swift in Sources */ = {isa = PBXBuildFile; fileRef = 7B5876481D157F3B00095036 /* Macros.swift */; };
		7B7542301CFF3F9E009B2629 /* Assets.xcassets in Resources */ = {isa = PBXBuildFile; fileRef = 7B75422F1CFF3F9E009B2629 /* Assets.xcassets */; };
		7B7542331CFF3F9E009B2629 /* LaunchScreen.storyboard in Resources */ = {isa = PBXBuildFile; fileRef = 7B7542311CFF3F9E009B2629 /* LaunchScreen.storyboard */; };
		7B86085C1D1594FE00037D36 /* GameOverVC.swift in Sources */ = {isa = PBXBuildFile; fileRef = 7B86085B1D1594FE00037D36 /* GameOverVC.swift */; };
		7B86085F1D1597FB00037D36 /* Localizable.strings in Resources */ = {isa = PBXBuildFile; fileRef = 7B86085D1D1597FB00037D36 /* Localizable.strings */; };
		7B8608621D15993400037D36 /* UIButton_Extension.swift in Sources */ = {isa = PBXBuildFile; fileRef = 7B8608611D15993400037D36 /* UIButton_Extension.swift */; };
		7B8608641D15999500037D36 /* UILabel_Extension.swift in Sources */ = {isa = PBXBuildFile; fileRef = 7B8608631D15999500037D36 /* UILabel_Extension.swift */; };
		7B8608661D15A1DB00037D36 /* Array_Extension.swift in Sources */ = {isa = PBXBuildFile; fileRef = 7B8608651D15A1DB00037D36 /* Array_Extension.swift */; };
		7BAD45931CFF6F3A00C7D7EF /* Router.swift in Sources */ = {isa = PBXBuildFile; fileRef = 7BAD45921CFF6F3900C7D7EF /* Router.swift */; };
		7BAD45951CFF70FA00C7D7EF /* Request_Extension.swift in Sources */ = {isa = PBXBuildFile; fileRef = 7BAD45941CFF70FA00C7D7EF /* Request_Extension.swift */; };
		7BAD45971CFF765B00C7D7EF /* UIViewController_Extension.swift in Sources */ = {isa = PBXBuildFile; fileRef = 7BAD45961CFF765B00C7D7EF /* UIViewController_Extension.swift */; };
		7BAD45991CFF8D6000C7D7EF /* MediaModel.swift in Sources */ = {isa = PBXBuildFile; fileRef = 7BAD45981CFF8D6000C7D7EF /* MediaModel.swift */; };
		7BADD6AB1D16D9DF005EEBE3 /* Level.swift in Sources */ = {isa = PBXBuildFile; fileRef = 7BADD6AA1D16D9DF005EEBE3 /* Level.swift */; };
		97DEEB47780C576B8BBAC42C /* Pods_SwiftIntro.framework in Frameworks */ = {isa = PBXBuildFile; fileRef = 243E0AB5281AC3E2E446E4FF /* Pods_SwiftIntro.framework */; };
/* End PBXBuildFile section */

/* Begin PBXFileReference section */
		243E0AB5281AC3E2E446E4FF /* Pods_SwiftIntro.framework */ = {isa = PBXFileReference; explicitFileType = wrapper.framework; includeInIndex = 0; path = Pods_SwiftIntro.framework; sourceTree = BUILT_PRODUCTS_DIR; };
		30F41637FDEA6AD844B4D016 /* Pods-SwiftIntro.debug.xcconfig */ = {isa = PBXFileReference; includeInIndex = 1; lastKnownFileType = text.xcconfig; name = "Pods-SwiftIntro.debug.xcconfig"; path = "Pods/Target Support Files/Pods-SwiftIntro/Pods-SwiftIntro.debug.xcconfig"; sourceTree = "<group>"; };
		450EAFD81D15933300BAFDD3 /* Base */ = {isa = PBXFileReference; lastKnownFileType = file.storyboard; name = Base; path = Base.lproj/Main.storyboard; sourceTree = "<group>"; };
		45773A361D00C088002E6F56 /* SettingsVC.swift */ = {isa = PBXFileReference; fileEncoding = 4; lastKnownFileType = sourcecode.swift; path = SettingsVC.swift; sourceTree = "<group>"; };
		7B21A5AC1CFF5C17002E5EE5 /* AppDelegate.swift */ = {isa = PBXFileReference; fileEncoding = 4; lastKnownFileType = sourcecode.swift; path = AppDelegate.swift; sourceTree = "<group>"; };
		7B21A5AD1CFF5C17002E5EE5 /* Info.plist */ = {isa = PBXFileReference; fileEncoding = 4; lastKnownFileType = text.plist.xml; path = Info.plist; sourceTree = "<group>"; };
		7B21A5B31CFF5CAC002E5EE5 /* APIClient.swift */ = {isa = PBXFileReference; fileEncoding = 4; lastKnownFileType = sourcecode.swift; path = APIClient.swift; sourceTree = "<group>"; };
		7B21A5B51CFF5DAE002E5EE5 /* HTTPClient.swift */ = {isa = PBXFileReference; fileEncoding = 4; lastKnownFileType = sourcecode.swift; path = HTTPClient.swift; sourceTree = "<group>"; };
		7B21A5B71CFF5E7B002E5EE5 /* GameVC.swift */ = {isa = PBXFileReference; fileEncoding = 4; lastKnownFileType = sourcecode.swift; path = GameVC.swift; sourceTree = "<group>"; };
		7B21A5BA1CFF6281002E5EE5 /* MemoryDataSourceAndDelegate.swift */ = {isa = PBXFileReference; fileEncoding = 4; lastKnownFileType = sourcecode.swift; path = MemoryDataSourceAndDelegate.swift; sourceTree = "<group>"; };
		7B21A5BF1CFF636D002E5EE5 /* CardCVCell.xib */ = {isa = PBXFileReference; fileEncoding = 4; lastKnownFileType = file.xib; path = CardCVCell.xib; sourceTree = "<group>"; };
		7B21A5C11CFF639D002E5EE5 /* CardCVCell.swift */ = {isa = PBXFileReference; fileEncoding = 4; lastKnownFileType = sourcecode.swift; path = CardCVCell.swift; sourceTree = "<group>"; };
		7B21A5C41CFF6586002E5EE5 /* NSObject_Extension.swift */ = {isa = PBXFileReference; fileEncoding = 4; lastKnownFileType = sourcecode.swift; path = NSObject_Extension.swift; sourceTree = "<group>"; };
		7B21A5C61CFF67DA002E5EE5 /* CardModel.swift */ = {isa = PBXFileReference; fileEncoding = 4; lastKnownFileType = sourcecode.swift; path = CardModel.swift; sourceTree = "<group>"; };
		7B2F90A91D00B9A400613325 /* ImagePrefetcher.swift */ = {isa = PBXFileReference; fileEncoding = 4; lastKnownFileType = sourcecode.swift; path = ImagePrefetcher.swift; sourceTree = "<group>"; };
		7B2F90AB1D00C88800613325 /* UIView_Extension.swift */ = {isa = PBXFileReference; fileEncoding = 4; lastKnownFileType = sourcecode.swift; path = UIView_Extension.swift; sourceTree = "<group>"; };
		7B5876481D157F3B00095036 /* Macros.swift */ = {isa = PBXFileReference; fileEncoding = 4; lastKnownFileType = sourcecode.swift; path = Macros.swift; sourceTree = "<group>"; };
		7B7542231CFF3F9E009B2629 /* SwiftIntro.app */ = {isa = PBXFileReference; explicitFileType = wrapper.application; includeInIndex = 0; path = SwiftIntro.app; sourceTree = BUILT_PRODUCTS_DIR; };
		7B75422F1CFF3F9E009B2629 /* Assets.xcassets */ = {isa = PBXFileReference; lastKnownFileType = folder.assetcatalog; path = Assets.xcassets; sourceTree = "<group>"; };
		7B7542321CFF3F9E009B2629 /* Base */ = {isa = PBXFileReference; lastKnownFileType = file.storyboard; name = Base; path = Base.lproj/LaunchScreen.storyboard; sourceTree = "<group>"; };
		7B86085B1D1594FE00037D36 /* GameOverVC.swift */ = {isa = PBXFileReference; fileEncoding = 4; lastKnownFileType = sourcecode.swift; path = GameOverVC.swift; sourceTree = "<group>"; };
		7B86085E1D1597FB00037D36 /* sv */ = {isa = PBXFileReference; lastKnownFileType = text.plist.strings; name = sv; path = sv.lproj/Localizable.strings; sourceTree = "<group>"; };
		7B8608601D15980F00037D36 /* en */ = {isa = PBXFileReference; lastKnownFileType = text.plist.strings; name = en; path = en.lproj/Localizable.strings; sourceTree = "<group>"; };
		7B8608611D15993400037D36 /* UIButton_Extension.swift */ = {isa = PBXFileReference; fileEncoding = 4; lastKnownFileType = sourcecode.swift; path = UIButton_Extension.swift; sourceTree = "<group>"; };
		7B8608631D15999500037D36 /* UILabel_Extension.swift */ = {isa = PBXFileReference; fileEncoding = 4; lastKnownFileType = sourcecode.swift; path = UILabel_Extension.swift; sourceTree = "<group>"; };
		7B8608651D15A1DB00037D36 /* Array_Extension.swift */ = {isa = PBXFileReference; fileEncoding = 4; lastKnownFileType = sourcecode.swift; path = Array_Extension.swift; sourceTree = "<group>"; };
		7BAD45921CFF6F3900C7D7EF /* Router.swift */ = {isa = PBXFileReference; fileEncoding = 4; lastKnownFileType = sourcecode.swift; path = Router.swift; sourceTree = "<group>"; };
		7BAD45941CFF70FA00C7D7EF /* Request_Extension.swift */ = {isa = PBXFileReference; fileEncoding = 4; lastKnownFileType = sourcecode.swift; path = Request_Extension.swift; sourceTree = "<group>"; };
		7BAD45961CFF765B00C7D7EF /* UIViewController_Extension.swift */ = {isa = PBXFileReference; fileEncoding = 4; lastKnownFileType = sourcecode.swift; path = UIViewController_Extension.swift; sourceTree = "<group>"; };
		7BAD45981CFF8D6000C7D7EF /* MediaModel.swift */ = {isa = PBXFileReference; fileEncoding = 4; lastKnownFileType = sourcecode.swift; path = MediaModel.swift; sourceTree = "<group>"; };
		7BADD6AA1D16D9DF005EEBE3 /* Level.swift */ = {isa = PBXFileReference; fileEncoding = 4; lastKnownFileType = sourcecode.swift; path = Level.swift; sourceTree = "<group>"; };
		FB6C211E60AF751181C395A1 /* Pods-SwiftIntro.release.xcconfig */ = {isa = PBXFileReference; includeInIndex = 1; lastKnownFileType = text.xcconfig; name = "Pods-SwiftIntro.release.xcconfig"; path = "Pods/Target Support Files/Pods-SwiftIntro/Pods-SwiftIntro.release.xcconfig"; sourceTree = "<group>"; };
/* End PBXFileReference section */

/* Begin PBXFrameworksBuildPhase section */
		7B7542201CFF3F9E009B2629 /* Frameworks */ = {
			isa = PBXFrameworksBuildPhase;
			buildActionMask = 2147483647;
			files = (
				97DEEB47780C576B8BBAC42C /* Pods_SwiftIntro.framework in Frameworks */,
			);
			runOnlyForDeploymentPostprocessing = 0;
		};
/* End PBXFrameworksBuildPhase section */

/* Begin PBXGroup section */
		06272239F9B7BEB579F0ACF7 /* Pods */ = {
			isa = PBXGroup;
			children = (
				30F41637FDEA6AD844B4D016 /* Pods-SwiftIntro.debug.xcconfig */,
				FB6C211E60AF751181C395A1 /* Pods-SwiftIntro.release.xcconfig */,
			);
			name = Pods;
			sourceTree = "<group>";
		};
		37F92D951497B76C0D43697E /* Frameworks */ = {
			isa = PBXGroup;
			children = (
				243E0AB5281AC3E2E446E4FF /* Pods_SwiftIntro.framework */,
			);
			name = Frameworks;
			sourceTree = "<group>";
		};
		7B21A5AA1CFF5C17002E5EE5 /* Models */ = {
			isa = PBXGroup;
			children = (
				7B21A5C61CFF67DA002E5EE5 /* CardModel.swift */,
				7BAD45981CFF8D6000C7D7EF /* MediaModel.swift */,
			);
			path = Models;
			sourceTree = "<group>";
		};
		7B21A5AB1CFF5C17002E5EE5 /* SupportingFiles */ = {
			isa = PBXGroup;
			children = (
				7B86085D1D1597FB00037D36 /* Localizable.strings */,
				7B5876481D157F3B00095036 /* Macros.swift */,
				7B21A5AC1CFF5C17002E5EE5 /* AppDelegate.swift */,
				7B21A5AD1CFF5C17002E5EE5 /* Info.plist */,
			);
			path = SupportingFiles;
			sourceTree = "<group>";
		};
		7B21A5AE1CFF5C17002E5EE5 /* ViewControllers */ = {
			isa = PBXGroup;
			children = (
				7B21A5B71CFF5E7B002E5EE5 /* GameVC.swift */,
				45773A361D00C088002E6F56 /* SettingsVC.swift */,
				7B86085B1D1594FE00037D36 /* GameOverVC.swift */,
			);
			path = ViewControllers;
			sourceTree = "<group>";
		};
		7B21A5AF1CFF5C17002E5EE5 /* Views */ = {
			isa = PBXGroup;
			children = (
				7B21A5BC1CFF62FE002E5EE5 /* Cells */,
			);
			path = Views;
			sourceTree = "<group>";
		};
		7B21A5B21CFF5C8E002E5EE5 /* HTTP */ = {
			isa = PBXGroup;
			children = (
				7B21A5B31CFF5CAC002E5EE5 /* APIClient.swift */,
				7B21A5B51CFF5DAE002E5EE5 /* HTTPClient.swift */,
				7BAD45921CFF6F3900C7D7EF /* Router.swift */,
				7BAD45941CFF70FA00C7D7EF /* Request_Extension.swift */,
				7B2F90A91D00B9A400613325 /* ImagePrefetcher.swift */,
			);
			path = HTTP;
			sourceTree = "<group>";
		};
		7B21A5B91CFF6238002E5EE5 /* DataSourceAndDelegates */ = {
			isa = PBXGroup;
			children = (
				7B21A5BA1CFF6281002E5EE5 /* MemoryDataSourceAndDelegate.swift */,
			);
			path = DataSourceAndDelegates;
			sourceTree = "<group>";
		};
		7B21A5BC1CFF62FE002E5EE5 /* Cells */ = {
			isa = PBXGroup;
			children = (
				7B21A5BD1CFF62FE002E5EE5 /* CollectionViewCells */,
			);
			path = Cells;
			sourceTree = "<group>";
		};
		7B21A5BD1CFF62FE002E5EE5 /* CollectionViewCells */ = {
			isa = PBXGroup;
			children = (
				7B21A5BE1CFF62FE002E5EE5 /* CardCVCell */,
			);
			path = CollectionViewCells;
			sourceTree = "<group>";
		};
		7B21A5BE1CFF62FE002E5EE5 /* CardCVCell */ = {
			isa = PBXGroup;
			children = (
				7B21A5BF1CFF636D002E5EE5 /* CardCVCell.xib */,
				7B21A5C11CFF639D002E5EE5 /* CardCVCell.swift */,
			);
			path = CardCVCell;
			sourceTree = "<group>";
		};
		7B21A5C31CFF6573002E5EE5 /* Extensions */ = {
			isa = PBXGroup;
			children = (
				7B21A5C41CFF6586002E5EE5 /* NSObject_Extension.swift */,
				7BAD45961CFF765B00C7D7EF /* UIViewController_Extension.swift */,
				7B2F90AB1D00C88800613325 /* UIView_Extension.swift */,
				7B8608611D15993400037D36 /* UIButton_Extension.swift */,
				7B8608631D15999500037D36 /* UILabel_Extension.swift */,
				7B8608651D15A1DB00037D36 /* Array_Extension.swift */,
			);
			path = Extensions;
			sourceTree = "<group>";
		};
		7B75421A1CFF3F9E009B2629 = {
			isa = PBXGroup;
			children = (
				37F92D951497B76C0D43697E /* Frameworks */,
				06272239F9B7BEB579F0ACF7 /* Pods */,
				7B7542241CFF3F9E009B2629 /* Products */,
				7B7542251CFF3F9E009B2629 /* SwiftIntro */,
			);
			sourceTree = "<group>";
		};
		7B7542241CFF3F9E009B2629 /* Products */ = {
			isa = PBXGroup;
			children = (
				7B7542231CFF3F9E009B2629 /* SwiftIntro.app */,
			);
			name = Products;
			sourceTree = "<group>";
		};
		7B7542251CFF3F9E009B2629 /* SwiftIntro */ = {
			isa = PBXGroup;
			children = (
				7BADD6A91D16D9D8005EEBE3 /* Enums */,
				7B75422F1CFF3F9E009B2629 /* Assets.xcassets */,
				7B21A5B91CFF6238002E5EE5 /* DataSourceAndDelegates */,
				7B21A5C31CFF6573002E5EE5 /* Extensions */,
				7B21A5B21CFF5C8E002E5EE5 /* HTTP */,
				7B7542311CFF3F9E009B2629 /* LaunchScreen.storyboard */,
				450EAFD71D15933300BAFDD3 /* Main.storyboard */,
				7B21A5AA1CFF5C17002E5EE5 /* Models */,
				7B21A5AB1CFF5C17002E5EE5 /* SupportingFiles */,
				7B21A5AE1CFF5C17002E5EE5 /* ViewControllers */,
				7B21A5AF1CFF5C17002E5EE5 /* Views */,
			);
			path = SwiftIntro;
			sourceTree = "<group>";
		};
		7BADD6A91D16D9D8005EEBE3 /* Enums */ = {
			isa = PBXGroup;
			children = (
				7BADD6AA1D16D9DF005EEBE3 /* Level.swift */,
			);
			path = Enums;
			sourceTree = "<group>";
		};
/* End PBXGroup section */

/* Begin PBXNativeTarget section */
		7B7542221CFF3F9E009B2629 /* SwiftIntro */ = {
			isa = PBXNativeTarget;
			buildConfigurationList = 7B7542371CFF3F9E009B2629 /* Build configuration list for PBXNativeTarget "SwiftIntro" */;
			buildPhases = (
				48E3C3174B2513F4662E8942 /* 📦 Check Pods Manifest.lock */,
				7B75421F1CFF3F9E009B2629 /* Sources */,
				7B7542201CFF3F9E009B2629 /* Frameworks */,
				7B7542211CFF3F9E009B2629 /* Resources */,
				7B6E4F381CFF40A000B7D991 /* SwiftLint */,
				D9FF9833FA98573696375F2D /* 📦 Embed Pods Frameworks */,
				6F1EC0CAB9F56A8DC14746DF /* 📦 Copy Pods Resources */,
			);
			buildRules = (
			);
			dependencies = (
			);
			name = SwiftIntro;
			productName = SwiftIntro;
			productReference = 7B7542231CFF3F9E009B2629 /* SwiftIntro.app */;
			productType = "com.apple.product-type.application";
		};
/* End PBXNativeTarget section */

/* Begin PBXProject section */
		7B75421B1CFF3F9E009B2629 /* Project object */ = {
			isa = PBXProject;
			attributes = {
				LastSwiftUpdateCheck = 0730;
				LastUpgradeCheck = 0730;
				ORGANIZATIONNAME = SwiftIntro;
				TargetAttributes = {
					7B7542221CFF3F9E009B2629 = {
						CreatedOnToolsVersion = 7.3;
					};
				};
			};
			buildConfigurationList = 7B75421E1CFF3F9E009B2629 /* Build configuration list for PBXProject "SwiftIntro" */;
			compatibilityVersion = "Xcode 3.2";
			developmentRegion = English;
			hasScannedForEncodings = 0;
			knownRegions = (
				en,
				Base,
				sv,
			);
			mainGroup = 7B75421A1CFF3F9E009B2629;
			productRefGroup = 7B7542241CFF3F9E009B2629 /* Products */;
			projectDirPath = "";
			projectRoot = "";
			targets = (
				7B7542221CFF3F9E009B2629 /* SwiftIntro */,
			);
		};
/* End PBXProject section */

/* Begin PBXResourcesBuildPhase section */
		7B7542211CFF3F9E009B2629 /* Resources */ = {
			isa = PBXResourcesBuildPhase;
			buildActionMask = 2147483647;
			files = (
				7B86085F1D1597FB00037D36 /* Localizable.strings in Resources */,
				7B21A5C01CFF636D002E5EE5 /* CardCVCell.xib in Resources */,
				7B7542331CFF3F9E009B2629 /* LaunchScreen.storyboard in Resources */,
				7B7542301CFF3F9E009B2629 /* Assets.xcassets in Resources */,
				450EAFD91D15933300BAFDD3 /* Main.storyboard in Resources */,
			);
			runOnlyForDeploymentPostprocessing = 0;
		};
/* End PBXResourcesBuildPhase section */

/* Begin PBXShellScriptBuildPhase section */
		48E3C3174B2513F4662E8942 /* 📦 Check Pods Manifest.lock */ = {
			isa = PBXShellScriptBuildPhase;
			buildActionMask = 2147483647;
			files = (
			);
			inputPaths = (
			);
			name = "📦 Check Pods Manifest.lock";
			outputPaths = (
			);
			runOnlyForDeploymentPostprocessing = 0;
			shellPath = /bin/sh;
			shellScript = "diff \"${PODS_ROOT}/../Podfile.lock\" \"${PODS_ROOT}/Manifest.lock\" > /dev/null\nif [[ $? != 0 ]] ; then\n    cat << EOM\nerror: The sandbox is not in sync with the Podfile.lock. Run 'pod install' or update your CocoaPods installation.\nEOM\n    exit 1\nfi\n";
			showEnvVarsInLog = 0;
		};
		6F1EC0CAB9F56A8DC14746DF /* 📦 Copy Pods Resources */ = {
			isa = PBXShellScriptBuildPhase;
			buildActionMask = 2147483647;
			files = (
			);
			inputPaths = (
			);
			name = "📦 Copy Pods Resources";
			outputPaths = (
			);
			runOnlyForDeploymentPostprocessing = 0;
			shellPath = /bin/sh;
			shellScript = "\"${SRCROOT}/Pods/Target Support Files/Pods-SwiftIntro/Pods-SwiftIntro-resources.sh\"\n";
			showEnvVarsInLog = 0;
		};
		7B6E4F381CFF40A000B7D991 /* SwiftLint */ = {
			isa = PBXShellScriptBuildPhase;
			buildActionMask = 2147483647;
			files = (
			);
			inputPaths = (
			);
			name = SwiftLint;
			outputPaths = (
			);
			runOnlyForDeploymentPostprocessing = 0;
			shellPath = /bin/sh;
			shellScript = "if which swiftlint >/dev/null; then\n    swiftlint\nelse\n    echo \"warning: SwiftLint not installed, download from https://github.com/realm/SwiftLint\"\nfi";
		};
		D9FF9833FA98573696375F2D /* 📦 Embed Pods Frameworks */ = {
			isa = PBXShellScriptBuildPhase;
			buildActionMask = 2147483647;
			files = (
			);
			inputPaths = (
			);
			name = "📦 Embed Pods Frameworks";
			outputPaths = (
			);
			runOnlyForDeploymentPostprocessing = 0;
			shellPath = /bin/sh;
			shellScript = "\"${SRCROOT}/Pods/Target Support Files/Pods-SwiftIntro/Pods-SwiftIntro-frameworks.sh\"\n";
			showEnvVarsInLog = 0;
		};
/* End PBXShellScriptBuildPhase section */

/* Begin PBXSourcesBuildPhase section */
		7B75421F1CFF3F9E009B2629 /* Sources */ = {
			isa = PBXSourcesBuildPhase;
			buildActionMask = 2147483647;
			files = (
				45773A371D00C088002E6F56 /* SettingsVC.swift in Sources */,
				7B8608621D15993400037D36 /* UIButton_Extension.swift in Sources */,
				7B21A5B01CFF5C17002E5EE5 /* AppDelegate.swift in Sources */,
				7B8608641D15999500037D36 /* UILabel_Extension.swift in Sources */,
				7B21A5BB1CFF6281002E5EE5 /* MemoryDataSourceAndDelegate.swift in Sources */,
				7B2F90AC1D00C88800613325 /* UIView_Extension.swift in Sources */,
				7BAD45991CFF8D6000C7D7EF /* MediaModel.swift in Sources */,
				7B21A5C21CFF639D002E5EE5 /* CardCVCell.swift in Sources */,
				7B21A5B41CFF5CAC002E5EE5 /* APIClient.swift in Sources */,
				7BAD45931CFF6F3A00C7D7EF /* Router.swift in Sources */,
				7B21A5C51CFF6586002E5EE5 /* NSObject_Extension.swift in Sources */,
				7BAD45971CFF765B00C7D7EF /* UIViewController_Extension.swift in Sources */,
				7B86085C1D1594FE00037D36 /* GameOverVC.swift in Sources */,
				7B2F90AA1D00B9A400613325 /* ImagePrefetcher.swift in Sources */,
				7B21A5C71CFF67DA002E5EE5 /* CardModel.swift in Sources */,
				7BADD6AB1D16D9DF005EEBE3 /* Level.swift in Sources */,
				7B5876491D157F3B00095036 /* Macros.swift in Sources */,
				7B21A5B81CFF5E7B002E5EE5 /* GameVC.swift in Sources */,
				7B21A5B61CFF5DAE002E5EE5 /* HTTPClient.swift in Sources */,
				7BAD45951CFF70FA00C7D7EF /* Request_Extension.swift in Sources */,
				7B8608661D15A1DB00037D36 /* Array_Extension.swift in Sources */,
			);
			runOnlyForDeploymentPostprocessing = 0;
		};
/* End PBXSourcesBuildPhase section */

/* Begin PBXVariantGroup section */
		450EAFD71D15933300BAFDD3 /* Main.storyboard */ = {
			isa = PBXVariantGroup;
			children = (
				450EAFD81D15933300BAFDD3 /* Base */,
			);
			name = Main.storyboard;
			sourceTree = "<group>";
		};
		7B7542311CFF3F9E009B2629 /* LaunchScreen.storyboard */ = {
			isa = PBXVariantGroup;
			children = (
				7B7542321CFF3F9E009B2629 /* Base */,
			);
			name = LaunchScreen.storyboard;
			sourceTree = "<group>";
		};
		7B86085D1D1597FB00037D36 /* Localizable.strings */ = {
			isa = PBXVariantGroup;
			children = (
				7B86085E1D1597FB00037D36 /* sv */,
				7B8608601D15980F00037D36 /* en */,
			);
			name = Localizable.strings;
			sourceTree = "<group>";
		};
/* End PBXVariantGroup section */

/* Begin XCBuildConfiguration section */
		7B7542351CFF3F9E009B2629 /* Debug */ = {
			isa = XCBuildConfiguration;
			buildSettings = {
				ALWAYS_SEARCH_USER_PATHS = NO;
				CLANG_ANALYZER_NONNULL = YES;
				CLANG_CXX_LANGUAGE_STANDARD = "gnu++0x";
				CLANG_CXX_LIBRARY = "libc++";
				CLANG_ENABLE_MODULES = YES;
				CLANG_ENABLE_OBJC_ARC = YES;
				CLANG_WARN_BOOL_CONVERSION = YES;
				CLANG_WARN_CONSTANT_CONVERSION = YES;
				CLANG_WARN_DIRECT_OBJC_ISA_USAGE = YES_ERROR;
				CLANG_WARN_EMPTY_BODY = YES;
				CLANG_WARN_ENUM_CONVERSION = YES;
				CLANG_WARN_INT_CONVERSION = YES;
				CLANG_WARN_OBJC_ROOT_CLASS = YES_ERROR;
				CLANG_WARN_UNREACHABLE_CODE = YES;
				CLANG_WARN__DUPLICATE_METHOD_MATCH = YES;
				"CODE_SIGN_IDENTITY[sdk=iphoneos*]" = "iPhone Developer";
				COPY_PHASE_STRIP = NO;
				DEBUG_INFORMATION_FORMAT = dwarf;
				ENABLE_STRICT_OBJC_MSGSEND = YES;
				ENABLE_TESTABILITY = YES;
				GCC_C_LANGUAGE_STANDARD = gnu99;
				GCC_DYNAMIC_NO_PIC = NO;
				GCC_NO_COMMON_BLOCKS = YES;
				GCC_OPTIMIZATION_LEVEL = 0;
				GCC_PREPROCESSOR_DEFINITIONS = (
					"DEBUG=1",
					"$(inherited)",
				);
				GCC_WARN_64_TO_32_BIT_CONVERSION = YES;
				GCC_WARN_ABOUT_RETURN_TYPE = YES_ERROR;
				GCC_WARN_UNDECLARED_SELECTOR = YES;
				GCC_WARN_UNINITIALIZED_AUTOS = YES_AGGRESSIVE;
				GCC_WARN_UNUSED_FUNCTION = YES;
				GCC_WARN_UNUSED_VARIABLE = YES;
				IPHONEOS_DEPLOYMENT_TARGET = 9.3;
				MTL_ENABLE_DEBUG_INFO = YES;
				ONLY_ACTIVE_ARCH = YES;
				SDKROOT = iphoneos;
				SWIFT_OPTIMIZATION_LEVEL = "-Onone";
			};
			name = Debug;
		};
		7B7542361CFF3F9E009B2629 /* Release */ = {
			isa = XCBuildConfiguration;
			buildSettings = {
				ALWAYS_SEARCH_USER_PATHS = NO;
				CLANG_ANALYZER_NONNULL = YES;
				CLANG_CXX_LANGUAGE_STANDARD = "gnu++0x";
				CLANG_CXX_LIBRARY = "libc++";
				CLANG_ENABLE_MODULES = YES;
				CLANG_ENABLE_OBJC_ARC = YES;
				CLANG_WARN_BOOL_CONVERSION = YES;
				CLANG_WARN_CONSTANT_CONVERSION = YES;
				CLANG_WARN_DIRECT_OBJC_ISA_USAGE = YES_ERROR;
				CLANG_WARN_EMPTY_BODY = YES;
				CLANG_WARN_ENUM_CONVERSION = YES;
				CLANG_WARN_INT_CONVERSION = YES;
				CLANG_WARN_OBJC_ROOT_CLASS = YES_ERROR;
				CLANG_WARN_UNREACHABLE_CODE = YES;
				CLANG_WARN__DUPLICATE_METHOD_MATCH = YES;
				"CODE_SIGN_IDENTITY[sdk=iphoneos*]" = "iPhone Developer";
				COPY_PHASE_STRIP = NO;
				DEBUG_INFORMATION_FORMAT = "dwarf-with-dsym";
				ENABLE_NS_ASSERTIONS = NO;
				ENABLE_STRICT_OBJC_MSGSEND = YES;
				GCC_C_LANGUAGE_STANDARD = gnu99;
				GCC_NO_COMMON_BLOCKS = YES;
				GCC_WARN_64_TO_32_BIT_CONVERSION = YES;
				GCC_WARN_ABOUT_RETURN_TYPE = YES_ERROR;
				GCC_WARN_UNDECLARED_SELECTOR = YES;
				GCC_WARN_UNINITIALIZED_AUTOS = YES_AGGRESSIVE;
				GCC_WARN_UNUSED_FUNCTION = YES;
				GCC_WARN_UNUSED_VARIABLE = YES;
				IPHONEOS_DEPLOYMENT_TARGET = 9.3;
				MTL_ENABLE_DEBUG_INFO = NO;
				SDKROOT = iphoneos;
				VALIDATE_PRODUCT = YES;
			};
			name = Release;
		};
		7B7542381CFF3F9E009B2629 /* Debug */ = {
			isa = XCBuildConfiguration;
			baseConfigurationReference = 30F41637FDEA6AD844B4D016 /* Pods-SwiftIntro.debug.xcconfig */;
			buildSettings = {
				ASSETCATALOG_COMPILER_APPICON_NAME = AppIcon;
				CODE_SIGN_IDENTITY = "iPhone Developer";
				INFOPLIST_FILE = SwiftIntro/SupportingFiles/Info.plist;
				LD_RUNPATH_SEARCH_PATHS = "$(inherited) @executable_path/Frameworks";
				PRODUCT_BUNDLE_IDENTIFIER = com.swiftintro.SwiftIntro;
				PRODUCT_NAME = "$(TARGET_NAME)";
			};
			name = Debug;
		};
		7B7542391CFF3F9E009B2629 /* Release */ = {
			isa = XCBuildConfiguration;
			baseConfigurationReference = FB6C211E60AF751181C395A1 /* Pods-SwiftIntro.release.xcconfig */;
			buildSettings = {
				ASSETCATALOG_COMPILER_APPICON_NAME = AppIcon;
				CODE_SIGN_IDENTITY = "iPhone Developer";
				INFOPLIST_FILE = SwiftIntro/SupportingFiles/Info.plist;
				LD_RUNPATH_SEARCH_PATHS = "$(inherited) @executable_path/Frameworks";
				PRODUCT_BUNDLE_IDENTIFIER = com.swiftintro.SwiftIntro;
				PRODUCT_NAME = "$(TARGET_NAME)";
			};
			name = Release;
		};
/* End XCBuildConfiguration section */

/* Begin XCConfigurationList section */
		7B75421E1CFF3F9E009B2629 /* Build configuration list for PBXProject "SwiftIntro" */ = {
			isa = XCConfigurationList;
			buildConfigurations = (
				7B7542351CFF3F9E009B2629 /* Debug */,
				7B7542361CFF3F9E009B2629 /* Release */,
			);
			defaultConfigurationIsVisible = 0;
			defaultConfigurationName = Release;
		};
		7B7542371CFF3F9E009B2629 /* Build configuration list for PBXNativeTarget "SwiftIntro" */ = {
			isa = XCConfigurationList;
			buildConfigurations = (
				7B7542381CFF3F9E009B2629 /* Debug */,
				7B7542391CFF3F9E009B2629 /* Release */,
			);
			defaultConfigurationIsVisible = 0;
			defaultConfigurationName = Release;
		};
/* End XCConfigurationList section */
	};
	rootObject = 7B75421B1CFF3F9E009B2629 /* Project object */;
}
